// !$*UTF8*$!
{
	archiveVersion = 1;
	classes = {
	};
	objectVersion = 51;
	objects = {

/* Begin PBXBuildFile section */
		4CE92272FBC3251F3B01DD49 /* libPods-Group4_FinalProject_MAD3115W2020.a in Frameworks */ = {isa = PBXBuildFile; fileRef = C2DB81AA7D79BC4B71B50C9A /* libPods-Group4_FinalProject_MAD3115W2020.a */; };
		8E0A4ADD242193C400481DC2 /* Person.swift in Sources */ = {isa = PBXBuildFile; fileRef = 8E0A4ADC242193C400481DC2 /* Person.swift */; };
		8E0A4ADF2421957F00481DC2 /* Customer.swift in Sources */ = {isa = PBXBuildFile; fileRef = 8E0A4ADE2421957F00481DC2 /* Customer.swift */; };
		8E0A4AE12421969700481DC2 /* Driver.swift in Sources */ = {isa = PBXBuildFile; fileRef = 8E0A4AE02421969700481DC2 /* Driver.swift */; };
		8E0A4AE32421982D00481DC2 /* Enum.swift in Sources */ = {isa = PBXBuildFile; fileRef = 8E0A4AE22421982D00481DC2 /* Enum.swift */; };
		8E0A4AE52421999800481DC2 /* Owner.swift in Sources */ = {isa = PBXBuildFile; fileRef = 8E0A4AE42421999800481DC2 /* Owner.swift */; };
		8E10967C2421B58400F4BCE5 /* AddPersonViewController.swift in Sources */ = {isa = PBXBuildFile; fileRef = 8E10967B2421B58400F4BCE5 /* AddPersonViewController.swift */; };
		8E10967E2422955D00F4BCE5 /* DataStorage.swift in Sources */ = {isa = PBXBuildFile; fileRef = 8E10967D2422955D00F4BCE5 /* DataStorage.swift */; };
		8E1096802423EF5200F4BCE5 /* VehicleListViewController.swift in Sources */ = {isa = PBXBuildFile; fileRef = 8E10967F2423EF5200F4BCE5 /* VehicleListViewController.swift */; };
		8E1096822423F10200F4BCE5 /* NewVehicleViewController.swift in Sources */ = {isa = PBXBuildFile; fileRef = 8E1096812423F10200F4BCE5 /* NewVehicleViewController.swift */; };
		8E1096842423FB0E00F4BCE5 /* Vehicle.swift in Sources */ = {isa = PBXBuildFile; fileRef = 8E1096832423FB0E00F4BCE5 /* Vehicle.swift */; };
		8E1096862423FC7D00F4BCE5 /* Motorcycle.swift in Sources */ = {isa = PBXBuildFile; fileRef = 8E1096852423FC7D00F4BCE5 /* Motorcycle.swift */; };
		8E1096882423FD9E00F4BCE5 /* Car.swift in Sources */ = {isa = PBXBuildFile; fileRef = 8E1096872423FD9E00F4BCE5 /* Car.swift */; };
		8E10968A2423FF0B00F4BCE5 /* Bus.swift in Sources */ = {isa = PBXBuildFile; fileRef = 8E1096892423FF0B00F4BCE5 /* Bus.swift */; };
		8E87A078242149BF00FFEBC3 /* AppDelegate.swift in Sources */ = {isa = PBXBuildFile; fileRef = 8E87A077242149BF00FFEBC3 /* AppDelegate.swift */; };
		8E87A07A242149BF00FFEBC3 /* SceneDelegate.swift in Sources */ = {isa = PBXBuildFile; fileRef = 8E87A079242149BF00FFEBC3 /* SceneDelegate.swift */; };
		8E87A07C242149BF00FFEBC3 /* ViewController.swift in Sources */ = {isa = PBXBuildFile; fileRef = 8E87A07B242149BF00FFEBC3 /* ViewController.swift */; };
		8E87A07F242149BF00FFEBC3 /* Main.storyboard in Resources */ = {isa = PBXBuildFile; fileRef = 8E87A07D242149BF00FFEBC3 /* Main.storyboard */; };
		8E87A081242149C100FFEBC3 /* Assets.xcassets in Resources */ = {isa = PBXBuildFile; fileRef = 8E87A080242149C100FFEBC3 /* Assets.xcassets */; };
		8E87A084242149C100FFEBC3 /* LaunchScreen.storyboard in Resources */ = {isa = PBXBuildFile; fileRef = 8E87A082242149C100FFEBC3 /* LaunchScreen.storyboard */; };
		8E87A08C24214CFF00FFEBC3 /* GoogleService-Info.plist in Resources */ = {isa = PBXBuildFile; fileRef = 8E87A08B24214CFF00FFEBC3 /* GoogleService-Info.plist */; };
		8EB9D83B242A312B00BCEECF /* VehicleSelectionTableViewController.swift in Sources */ = {isa = PBXBuildFile; fileRef = 8EB9D83A242A312B00BCEECF /* VehicleSelectionTableViewController.swift */; };
		8EB9D83D242A372000BCEECF /* VehicleRentViewController.swift in Sources */ = {isa = PBXBuildFile; fileRef = 8EB9D83C242A372000BCEECF /* VehicleRentViewController.swift */; };
		8EC43BE2242C267100BD74FF /* Integer+Entension.swift in Sources */ = {isa = PBXBuildFile; fileRef = 8EC43BE1242C267100BD74FF /* Integer+Entension.swift */; };
		8EC43BE4242C2D9100BD74FF /* String+Extension.swift in Sources */ = {isa = PBXBuildFile; fileRef = 8EC43BE3242C2D9100BD74FF /* String+Extension.swift */; };
		8ECB1840242D695E00069F2A /* WebViewController.swift in Sources */ = {isa = PBXBuildFile; fileRef = 8ECB183F242D695E00069F2A /* WebViewController.swift */; };
		8ECB1845242D6E1900069F2A /* WebKit.framework in Frameworks */ = {isa = PBXBuildFile; fileRef = 8ECB1844242D6E1900069F2A /* WebKit.framework */; };
		8ECB1847242D7B5A00069F2A /* LogsTableViewController.swift in Sources */ = {isa = PBXBuildFile; fileRef = 8ECB1846242D7B5A00069F2A /* LogsTableViewController.swift */; };
		8ECB184A242D82D200069F2A /* VehicleRentTableViewCell.swift in Sources */ = {isa = PBXBuildFile; fileRef = 8ECB1849242D82D200069F2A /* VehicleRentTableViewCell.swift */; };
		8EF12F7E24244CEB00B89E90 /* HomeViewController.swift in Sources */ = {isa = PBXBuildFile; fileRef = 8EF12F7D24244CEB00B89E90 /* HomeViewController.swift */; };
/* End PBXBuildFile section */

/* Begin PBXFileReference section */
		01C1E5E7203F970EA7E21AB8 /* Pods-Group4_FinalProject_MAD3115W2020.release.xcconfig */ = {isa = PBXFileReference; includeInIndex = 1; lastKnownFileType = text.xcconfig; name = "Pods-Group4_FinalProject_MAD3115W2020.release.xcconfig"; path = "Target Support Files/Pods-Group4_FinalProject_MAD3115W2020/Pods-Group4_FinalProject_MAD3115W2020.release.xcconfig"; sourceTree = "<group>"; };
		5315605BCCE7FFDCD5B1F04F /* Pods-Group4_FinalProject_MAD3115W2020.debug.xcconfig */ = {isa = PBXFileReference; includeInIndex = 1; lastKnownFileType = text.xcconfig; name = "Pods-Group4_FinalProject_MAD3115W2020.debug.xcconfig"; path = "Target Support Files/Pods-Group4_FinalProject_MAD3115W2020/Pods-Group4_FinalProject_MAD3115W2020.debug.xcconfig"; sourceTree = "<group>"; };
		8E0A4ADC242193C400481DC2 /* Person.swift */ = {isa = PBXFileReference; lastKnownFileType = sourcecode.swift; path = Person.swift; sourceTree = "<group>"; };
		8E0A4ADE2421957F00481DC2 /* Customer.swift */ = {isa = PBXFileReference; lastKnownFileType = sourcecode.swift; path = Customer.swift; sourceTree = "<group>"; };
		8E0A4AE02421969700481DC2 /* Driver.swift */ = {isa = PBXFileReference; lastKnownFileType = sourcecode.swift; path = Driver.swift; sourceTree = "<group>"; };
		8E0A4AE22421982D00481DC2 /* Enum.swift */ = {isa = PBXFileReference; lastKnownFileType = sourcecode.swift; path = Enum.swift; sourceTree = "<group>"; };
		8E0A4AE42421999800481DC2 /* Owner.swift */ = {isa = PBXFileReference; lastKnownFileType = sourcecode.swift; path = Owner.swift; sourceTree = "<group>"; };
		8E10967B2421B58400F4BCE5 /* AddPersonViewController.swift */ = {isa = PBXFileReference; lastKnownFileType = sourcecode.swift; path = AddPersonViewController.swift; sourceTree = "<group>"; };
		8E10967D2422955D00F4BCE5 /* DataStorage.swift */ = {isa = PBXFileReference; lastKnownFileType = sourcecode.swift; path = DataStorage.swift; sourceTree = "<group>"; };
		8E10967F2423EF5200F4BCE5 /* VehicleListViewController.swift */ = {isa = PBXFileReference; lastKnownFileType = sourcecode.swift; path = VehicleListViewController.swift; sourceTree = "<group>"; };
		8E1096812423F10200F4BCE5 /* NewVehicleViewController.swift */ = {isa = PBXFileReference; lastKnownFileType = sourcecode.swift; path = NewVehicleViewController.swift; sourceTree = "<group>"; };
		8E1096832423FB0E00F4BCE5 /* Vehicle.swift */ = {isa = PBXFileReference; lastKnownFileType = sourcecode.swift; path = Vehicle.swift; sourceTree = "<group>"; };
		8E1096852423FC7D00F4BCE5 /* Motorcycle.swift */ = {isa = PBXFileReference; lastKnownFileType = sourcecode.swift; path = Motorcycle.swift; sourceTree = "<group>"; };
		8E1096872423FD9E00F4BCE5 /* Car.swift */ = {isa = PBXFileReference; lastKnownFileType = sourcecode.swift; path = Car.swift; sourceTree = "<group>"; };
		8E1096892423FF0B00F4BCE5 /* Bus.swift */ = {isa = PBXFileReference; lastKnownFileType = sourcecode.swift; path = Bus.swift; sourceTree = "<group>"; };
		8E87A074242149BF00FFEBC3 /* Group4_FinalProject_MAD3115W2020.app */ = {isa = PBXFileReference; explicitFileType = wrapper.application; includeInIndex = 0; path = Group4_FinalProject_MAD3115W2020.app; sourceTree = BUILT_PRODUCTS_DIR; };
		8E87A077242149BF00FFEBC3 /* AppDelegate.swift */ = {isa = PBXFileReference; lastKnownFileType = sourcecode.swift; path = AppDelegate.swift; sourceTree = "<group>"; };
		8E87A079242149BF00FFEBC3 /* SceneDelegate.swift */ = {isa = PBXFileReference; lastKnownFileType = sourcecode.swift; path = SceneDelegate.swift; sourceTree = "<group>"; };
		8E87A07B242149BF00FFEBC3 /* ViewController.swift */ = {isa = PBXFileReference; lastKnownFileType = sourcecode.swift; path = ViewController.swift; sourceTree = "<group>"; };
		8E87A07E242149BF00FFEBC3 /* Base */ = {isa = PBXFileReference; lastKnownFileType = file.storyboard; name = Base; path = Base.lproj/Main.storyboard; sourceTree = "<group>"; };
		8E87A080242149C100FFEBC3 /* Assets.xcassets */ = {isa = PBXFileReference; lastKnownFileType = folder.assetcatalog; path = Assets.xcassets; sourceTree = "<group>"; };
		8E87A083242149C100FFEBC3 /* Base */ = {isa = PBXFileReference; lastKnownFileType = file.storyboard; name = Base; path = Base.lproj/LaunchScreen.storyboard; sourceTree = "<group>"; };
		8E87A085242149C100FFEBC3 /* Info.plist */ = {isa = PBXFileReference; lastKnownFileType = text.plist.xml; path = Info.plist; sourceTree = "<group>"; };
		8E87A08B24214CFF00FFEBC3 /* GoogleService-Info.plist */ = {isa = PBXFileReference; fileEncoding = 4; lastKnownFileType = text.plist.xml; path = "GoogleService-Info.plist"; sourceTree = "<group>"; };
		8EB9D83A242A312B00BCEECF /* VehicleSelectionTableViewController.swift */ = {isa = PBXFileReference; lastKnownFileType = sourcecode.swift; path = VehicleSelectionTableViewController.swift; sourceTree = "<group>"; };
		8EB9D83C242A372000BCEECF /* VehicleRentViewController.swift */ = {isa = PBXFileReference; lastKnownFileType = sourcecode.swift; path = VehicleRentViewController.swift; sourceTree = "<group>"; };
		8EC43BE1242C267100BD74FF /* Integer+Entension.swift */ = {isa = PBXFileReference; lastKnownFileType = sourcecode.swift; path = "Integer+Entension.swift"; sourceTree = "<group>"; };
		8EC43BE3242C2D9100BD74FF /* String+Extension.swift */ = {isa = PBXFileReference; lastKnownFileType = sourcecode.swift; path = "String+Extension.swift"; sourceTree = "<group>"; };
		8ECB183F242D695E00069F2A /* WebViewController.swift */ = {isa = PBXFileReference; lastKnownFileType = sourcecode.swift; path = WebViewController.swift; sourceTree = "<group>"; };
		8ECB1844242D6E1900069F2A /* WebKit.framework */ = {isa = PBXFileReference; lastKnownFileType = wrapper.framework; name = WebKit.framework; path = System/Library/Frameworks/WebKit.framework; sourceTree = SDKROOT; };
		8ECB1846242D7B5A00069F2A /* LogsTableViewController.swift */ = {isa = PBXFileReference; lastKnownFileType = sourcecode.swift; path = LogsTableViewController.swift; sourceTree = "<group>"; };
		8ECB1849242D82D200069F2A /* VehicleRentTableViewCell.swift */ = {isa = PBXFileReference; lastKnownFileType = sourcecode.swift; path = VehicleRentTableViewCell.swift; sourceTree = "<group>"; };
		8EF12F7D24244CEB00B89E90 /* HomeViewController.swift */ = {isa = PBXFileReference; lastKnownFileType = sourcecode.swift; path = HomeViewController.swift; sourceTree = "<group>"; };
		C2DB81AA7D79BC4B71B50C9A /* libPods-Group4_FinalProject_MAD3115W2020.a */ = {isa = PBXFileReference; explicitFileType = archive.ar; includeInIndex = 0; path = "libPods-Group4_FinalProject_MAD3115W2020.a"; sourceTree = BUILT_PRODUCTS_DIR; };
/* End PBXFileReference section */

/* Begin PBXFrameworksBuildPhase section */
		8E87A071242149BF00FFEBC3 /* Frameworks */ = {
			isa = PBXFrameworksBuildPhase;
			buildActionMask = 2147483647;
			files = (
				8ECB1845242D6E1900069F2A /* WebKit.framework in Frameworks */,
				4CE92272FBC3251F3B01DD49 /* libPods-Group4_FinalProject_MAD3115W2020.a in Frameworks */,
			);
			runOnlyForDeploymentPostprocessing = 0;
		};
/* End PBXFrameworksBuildPhase section */

/* Begin PBXGroup section */
		1B6AF81B2684764C6909AA97 /* Frameworks */ = {
			isa = PBXGroup;
			children = (
				8ECB1844242D6E1900069F2A /* WebKit.framework */,
				C2DB81AA7D79BC4B71B50C9A /* libPods-Group4_FinalProject_MAD3115W2020.a */,
			);
			name = Frameworks;
			sourceTree = "<group>";
		};
		68CA0A318EA0C3A29DBA3689 /* Pods */ = {
			isa = PBXGroup;
			children = (
				5315605BCCE7FFDCD5B1F04F /* Pods-Group4_FinalProject_MAD3115W2020.debug.xcconfig */,
				01C1E5E7203F970EA7E21AB8 /* Pods-Group4_FinalProject_MAD3115W2020.release.xcconfig */,
			);
			path = Pods;
			sourceTree = "<group>";
		};
		8E87A06B242149BF00FFEBC3 = {
			isa = PBXGroup;
			children = (
				8E87A076242149BF00FFEBC3 /* Group4_FinalProject_MAD3115W2020 */,
				8E87A075242149BF00FFEBC3 /* Products */,
				68CA0A318EA0C3A29DBA3689 /* Pods */,
				1B6AF81B2684764C6909AA97 /* Frameworks */,
			);
			sourceTree = "<group>";
		};
		8E87A075242149BF00FFEBC3 /* Products */ = {
			isa = PBXGroup;
			children = (
				8E87A074242149BF00FFEBC3 /* Group4_FinalProject_MAD3115W2020.app */,
			);
			name = Products;
			sourceTree = "<group>";
		};
		8E87A076242149BF00FFEBC3 /* Group4_FinalProject_MAD3115W2020 */ = {
			isa = PBXGroup;
			children = (
				8ECB1848242D82A100069F2A /* Custom_Cells */,
				8ECB183E242D66A500069F2A /* Storyboards */,
				8ECB183D242D668B00069F2A /* Delegates */,
				8ECB183C242D662300069F2A /* Enum */,
				8ECB183B242D661200069F2A /* DataFile */,
				8ECB183A242D65FE00069F2A /* Extensions */,
				8ECB1839242D65D500069F2A /* Vehicle */,
				8ECB1838242D65BA00069F2A /* Person */,
				8ECB1837242D659100069F2A /* View Controllers */,
				8E87A080242149C100FFEBC3 /* Assets.xcassets */,
				8E87A085242149C100FFEBC3 /* Info.plist */,
				8E87A08B24214CFF00FFEBC3 /* GoogleService-Info.plist */,
			);
			path = Group4_FinalProject_MAD3115W2020;
			sourceTree = "<group>";
		};
		8ECB1837242D659100069F2A /* View Controllers */ = {
			isa = PBXGroup;
			children = (
				8EF12F7D24244CEB00B89E90 /* HomeViewController.swift */,
				8E87A07B242149BF00FFEBC3 /* ViewController.swift */,
				8E10967B2421B58400F4BCE5 /* AddPersonViewController.swift */,
				8E10967F2423EF5200F4BCE5 /* VehicleListViewController.swift */,
				8E1096812423F10200F4BCE5 /* NewVehicleViewController.swift */,
				8EB9D83A242A312B00BCEECF /* VehicleSelectionTableViewController.swift */,
				8EB9D83C242A372000BCEECF /* VehicleRentViewController.swift */,
				8ECB183F242D695E00069F2A /* WebViewController.swift */,
				8ECB1846242D7B5A00069F2A /* LogsTableViewController.swift */,
			);
			path = "View Controllers";
			sourceTree = "<group>";
		};
		8ECB1838242D65BA00069F2A /* Person */ = {
			isa = PBXGroup;
			children = (
				8E0A4ADC242193C400481DC2 /* Person.swift */,
				8E0A4ADE2421957F00481DC2 /* Customer.swift */,
				8E0A4AE02421969700481DC2 /* Driver.swift */,
				8E0A4AE42421999800481DC2 /* Owner.swift */,
			);
			path = Person;
			sourceTree = "<group>";
		};
		8ECB1839242D65D500069F2A /* Vehicle */ = {
			isa = PBXGroup;
			children = (
				8E1096832423FB0E00F4BCE5 /* Vehicle.swift */,
				8E1096852423FC7D00F4BCE5 /* Motorcycle.swift */,
				8E1096872423FD9E00F4BCE5 /* Car.swift */,
				8E1096892423FF0B00F4BCE5 /* Bus.swift */,
			);
			path = Vehicle;
			sourceTree = "<group>";
		};
		8ECB183A242D65FE00069F2A /* Extensions */ = {
			isa = PBXGroup;
			children = (
				8EC43BE1242C267100BD74FF /* Integer+Entension.swift */,
				8EC43BE3242C2D9100BD74FF /* String+Extension.swift */,
			);
			path = Extensions;
			sourceTree = "<group>";
		};
		8ECB183B242D661200069F2A /* DataFile */ = {
			isa = PBXGroup;
			children = (
				8E10967D2422955D00F4BCE5 /* DataStorage.swift */,
			);
			path = DataFile;
			sourceTree = "<group>";
		};
		8ECB183C242D662300069F2A /* Enum */ = {
			isa = PBXGroup;
			children = (
				8E0A4AE22421982D00481DC2 /* Enum.swift */,
			);
			path = Enum;
			sourceTree = "<group>";
		};
		8ECB183D242D668B00069F2A /* Delegates */ = {
			isa = PBXGroup;
			children = (
				8E87A077242149BF00FFEBC3 /* AppDelegate.swift */,
				8E87A079242149BF00FFEBC3 /* SceneDelegate.swift */,
			);
			path = Delegates;
			sourceTree = "<group>";
		};
		8ECB183E242D66A500069F2A /* Storyboards */ = {
			isa = PBXGroup;
			children = (
				8E87A07D242149BF00FFEBC3 /* Main.storyboard */,
				8E87A082242149C100FFEBC3 /* LaunchScreen.storyboard */,
			);
			path = Storyboards;
			sourceTree = "<group>";
		};
		8ECB1848242D82A100069F2A /* Custom_Cells */ = {
			isa = PBXGroup;
			children = (
				8ECB1849242D82D200069F2A /* VehicleRentTableViewCell.swift */,
			);
			path = Custom_Cells;
			sourceTree = "<group>";
		};
/* End PBXGroup section */

/* Begin PBXNativeTarget section */
		8E87A073242149BF00FFEBC3 /* Group4_FinalProject_MAD3115W2020 */ = {
			isa = PBXNativeTarget;
			buildConfigurationList = 8E87A088242149C100FFEBC3 /* Build configuration list for PBXNativeTarget "Group4_FinalProject_MAD3115W2020" */;
			buildPhases = (
				BC10E1D44D661BCEA0F8BF03 /* [CP] Check Pods Manifest.lock */,
				8E87A070242149BF00FFEBC3 /* Sources */,
				8E87A071242149BF00FFEBC3 /* Frameworks */,
				8E87A072242149BF00FFEBC3 /* Resources */,
				6D4508FC48AC1BB5C5CFA170 /* [CP] Copy Pods Resources */,
			);
			buildRules = (
			);
			dependencies = (
			);
			name = Group4_FinalProject_MAD3115W2020;
			productName = Group4_FinalProject_MAD3115W2020;
			productReference = 8E87A074242149BF00FFEBC3 /* Group4_FinalProject_MAD3115W2020.app */;
			productType = "com.apple.product-type.application";
		};
/* End PBXNativeTarget section */

/* Begin PBXProject section */
		8E87A06C242149BF00FFEBC3 /* Project object */ = {
			isa = PBXProject;
			attributes = {
				LastSwiftUpdateCheck = 1130;
				LastUpgradeCheck = 1130;
				ORGANIZATIONNAME = "Swift Project";
				TargetAttributes = {
					8E87A073242149BF00FFEBC3 = {
						CreatedOnToolsVersion = 11.3.1;
					};
				};
			};
			buildConfigurationList = 8E87A06F242149BF00FFEBC3 /* Build configuration list for PBXProject "Group4_FinalProject_MAD3115W2020" */;
			compatibilityVersion = "Xcode 9.3";
			developmentRegion = en;
			hasScannedForEncodings = 0;
			knownRegions = (
				en,
				Base,
			);
			mainGroup = 8E87A06B242149BF00FFEBC3;
			productRefGroup = 8E87A075242149BF00FFEBC3 /* Products */;
			projectDirPath = "";
			projectRoot = "";
			targets = (
				8E87A073242149BF00FFEBC3 /* Group4_FinalProject_MAD3115W2020 */,
			);
		};
/* End PBXProject section */

/* Begin PBXResourcesBuildPhase section */
		8E87A072242149BF00FFEBC3 /* Resources */ = {
			isa = PBXResourcesBuildPhase;
			buildActionMask = 2147483647;
			files = (
				8E87A084242149C100FFEBC3 /* LaunchScreen.storyboard in Resources */,
				8E87A08C24214CFF00FFEBC3 /* GoogleService-Info.plist in Resources */,
				8E87A081242149C100FFEBC3 /* Assets.xcassets in Resources */,
				8E87A07F242149BF00FFEBC3 /* Main.storyboard in Resources */,
			);
			runOnlyForDeploymentPostprocessing = 0;
		};
/* End PBXResourcesBuildPhase section */

/* Begin PBXShellScriptBuildPhase section */
		6D4508FC48AC1BB5C5CFA170 /* [CP] Copy Pods Resources */ = {
			isa = PBXShellScriptBuildPhase;
			buildActionMask = 2147483647;
			files = (
			);
			inputFileListPaths = (
				"${PODS_ROOT}/Target Support Files/Pods-Group4_FinalProject_MAD3115W2020/Pods-Group4_FinalProject_MAD3115W2020-resources-${CONFIGURATION}-input-files.xcfilelist",
			);
			name = "[CP] Copy Pods Resources";
			outputFileListPaths = (
				"${PODS_ROOT}/Target Support Files/Pods-Group4_FinalProject_MAD3115W2020/Pods-Group4_FinalProject_MAD3115W2020-resources-${CONFIGURATION}-output-files.xcfilelist",
			);
			runOnlyForDeploymentPostprocessing = 0;
			shellPath = /bin/sh;
			shellScript = "\"${PODS_ROOT}/Target Support Files/Pods-Group4_FinalProject_MAD3115W2020/Pods-Group4_FinalProject_MAD3115W2020-resources.sh\"\n";
			showEnvVarsInLog = 0;
		};
		BC10E1D44D661BCEA0F8BF03 /* [CP] Check Pods Manifest.lock */ = {
			isa = PBXShellScriptBuildPhase;
			buildActionMask = 2147483647;
			files = (
			);
			inputFileListPaths = (
			);
			inputPaths = (
				"${PODS_PODFILE_DIR_PATH}/Podfile.lock",
				"${PODS_ROOT}/Manifest.lock",
			);
			name = "[CP] Check Pods Manifest.lock";
			outputFileListPaths = (
			);
			outputPaths = (
				"$(DERIVED_FILE_DIR)/Pods-Group4_FinalProject_MAD3115W2020-checkManifestLockResult.txt",
			);
			runOnlyForDeploymentPostprocessing = 0;
			shellPath = /bin/sh;
			shellScript = "diff \"${PODS_PODFILE_DIR_PATH}/Podfile.lock\" \"${PODS_ROOT}/Manifest.lock\" > /dev/null\nif [ $? != 0 ] ; then\n    # print error to STDERR\n    echo \"error: The sandbox is not in sync with the Podfile.lock. Run 'pod install' or update your CocoaPods installation.\" >&2\n    exit 1\nfi\n# This output is used by Xcode 'outputs' to avoid re-running this script phase.\necho \"SUCCESS\" > \"${SCRIPT_OUTPUT_FILE_0}\"\n";
			showEnvVarsInLog = 0;
		};
/* End PBXShellScriptBuildPhase section */

/* Begin PBXSourcesBuildPhase section */
		8E87A070242149BF00FFEBC3 /* Sources */ = {
			isa = PBXSourcesBuildPhase;
			buildActionMask = 2147483647;
			files = (
				8E1096842423FB0E00F4BCE5 /* Vehicle.swift in Sources */,
				8ECB1840242D695E00069F2A /* WebViewController.swift in Sources */,
				8EC43BE4242C2D9100BD74FF /* String+Extension.swift in Sources */,
				8E87A07C242149BF00FFEBC3 /* ViewController.swift in Sources */,
				8E1096882423FD9E00F4BCE5 /* Car.swift in Sources */,
				8EF12F7E24244CEB00B89E90 /* HomeViewController.swift in Sources */,
				8E0A4AE52421999800481DC2 /* Owner.swift in Sources */,
				8ECB1847242D7B5A00069F2A /* LogsTableViewController.swift in Sources */,
				8E10967C2421B58400F4BCE5 /* AddPersonViewController.swift in Sources */,
				8E0A4ADF2421957F00481DC2 /* Customer.swift in Sources */,
				8E1096802423EF5200F4BCE5 /* VehicleListViewController.swift in Sources */,
				8E1096862423FC7D00F4BCE5 /* Motorcycle.swift in Sources */,
				8E87A078242149BF00FFEBC3 /* AppDelegate.swift in Sources */,
				8EC43BE2242C267100BD74FF /* Integer+Entension.swift in Sources */,
				8E0A4AE12421969700481DC2 /* Driver.swift in Sources */,
				8EB9D83D242A372000BCEECF /* VehicleRentViewController.swift in Sources */,
				8E0A4AE32421982D00481DC2 /* Enum.swift in Sources */,
				8E10967E2422955D00F4BCE5 /* DataStorage.swift in Sources */,
				8EB9D83B242A312B00BCEECF /* VehicleSelectionTableViewController.swift in Sources */,
				8E0A4ADD242193C400481DC2 /* Person.swift in Sources */,
				8E1096822423F10200F4BCE5 /* NewVehicleViewController.swift in Sources */,
				8ECB184A242D82D200069F2A /* VehicleRentTableViewCell.swift in Sources */,
				8E10968A2423FF0B00F4BCE5 /* Bus.swift in Sources */,
				8E87A07A242149BF00FFEBC3 /* SceneDelegate.swift in Sources */,
			);
			runOnlyForDeploymentPostprocessing = 0;
		};
/* End PBXSourcesBuildPhase section */

/* Begin PBXVariantGroup section */
		8E87A07D242149BF00FFEBC3 /* Main.storyboard */ = {
			isa = PBXVariantGroup;
			children = (
				8E87A07E242149BF00FFEBC3 /* Base */,
			);
			name = Main.storyboard;
			sourceTree = "<group>";
		};
		8E87A082242149C100FFEBC3 /* LaunchScreen.storyboard */ = {
			isa = PBXVariantGroup;
			children = (
				8E87A083242149C100FFEBC3 /* Base */,
			);
			name = LaunchScreen.storyboard;
			sourceTree = "<group>";
		};
/* End PBXVariantGroup section */

/* Begin XCBuildConfiguration section */
		8E87A086242149C100FFEBC3 /* Debug */ = {
			isa = XCBuildConfiguration;
			buildSettings = {
				ALWAYS_SEARCH_USER_PATHS = NO;
				CLANG_ANALYZER_NONNULL = YES;
				CLANG_ANALYZER_NUMBER_OBJECT_CONVERSION = YES_AGGRESSIVE;
				CLANG_CXX_LANGUAGE_STANDARD = "gnu++14";
				CLANG_CXX_LIBRARY = "libc++";
				CLANG_ENABLE_MODULES = YES;
				CLANG_ENABLE_OBJC_ARC = YES;
				CLANG_ENABLE_OBJC_WEAK = YES;
				CLANG_WARN_BLOCK_CAPTURE_AUTORELEASING = YES;
				CLANG_WARN_BOOL_CONVERSION = YES;
				CLANG_WARN_COMMA = YES;
				CLANG_WARN_CONSTANT_CONVERSION = YES;
				CLANG_WARN_DEPRECATED_OBJC_IMPLEMENTATIONS = YES;
				CLANG_WARN_DIRECT_OBJC_ISA_USAGE = YES_ERROR;
				CLANG_WARN_DOCUMENTATION_COMMENTS = YES;
				CLANG_WARN_EMPTY_BODY = YES;
				CLANG_WARN_ENUM_CONVERSION = YES;
				CLANG_WARN_INFINITE_RECURSION = YES;
				CLANG_WARN_INT_CONVERSION = YES;
				CLANG_WARN_NON_LITERAL_NULL_CONVERSION = YES;
				CLANG_WARN_OBJC_IMPLICIT_RETAIN_SELF = YES;
				CLANG_WARN_OBJC_LITERAL_CONVERSION = YES;
				CLANG_WARN_OBJC_ROOT_CLASS = YES_ERROR;
				CLANG_WARN_RANGE_LOOP_ANALYSIS = YES;
				CLANG_WARN_STRICT_PROTOTYPES = YES;
				CLANG_WARN_SUSPICIOUS_MOVE = YES;
				CLANG_WARN_UNGUARDED_AVAILABILITY = YES_AGGRESSIVE;
				CLANG_WARN_UNREACHABLE_CODE = YES;
				CLANG_WARN__DUPLICATE_METHOD_MATCH = YES;
				COPY_PHASE_STRIP = NO;
				DEBUG_INFORMATION_FORMAT = dwarf;
				ENABLE_STRICT_OBJC_MSGSEND = YES;
				ENABLE_TESTABILITY = YES;
				GCC_C_LANGUAGE_STANDARD = gnu11;
				GCC_DYNAMIC_NO_PIC = NO;
				GCC_NO_COMMON_BLOCKS = YES;
				GCC_OPTIMIZATION_LEVEL = 0;
				GCC_PREPROCESSOR_DEFINITIONS = (
					"DEBUG=1",
					"$(inherited)",
				);
				GCC_WARN_64_TO_32_BIT_CONVERSION = YES;
				GCC_WARN_ABOUT_RETURN_TYPE = YES_ERROR;
				GCC_WARN_UNDECLARED_SELECTOR = YES;
				GCC_WARN_UNINITIALIZED_AUTOS = YES_AGGRESSIVE;
				GCC_WARN_UNUSED_FUNCTION = YES;
				GCC_WARN_UNUSED_VARIABLE = YES;
				IPHONEOS_DEPLOYMENT_TARGET = 13.2;
				MTL_ENABLE_DEBUG_INFO = INCLUDE_SOURCE;
				MTL_FAST_MATH = YES;
				ONLY_ACTIVE_ARCH = YES;
				SDKROOT = iphoneos;
				SWIFT_ACTIVE_COMPILATION_CONDITIONS = DEBUG;
				SWIFT_OPTIMIZATION_LEVEL = "-Onone";
			};
			name = Debug;
		};
		8E87A087242149C100FFEBC3 /* Release */ = {
			isa = XCBuildConfiguration;
			buildSettings = {
				ALWAYS_SEARCH_USER_PATHS = NO;
				CLANG_ANALYZER_NONNULL = YES;
				CLANG_ANALYZER_NUMBER_OBJECT_CONVERSION = YES_AGGRESSIVE;
				CLANG_CXX_LANGUAGE_STANDARD = "gnu++14";
				CLANG_CXX_LIBRARY = "libc++";
				CLANG_ENABLE_MODULES = YES;
				CLANG_ENABLE_OBJC_ARC = YES;
				CLANG_ENABLE_OBJC_WEAK = YES;
				CLANG_WARN_BLOCK_CAPTURE_AUTORELEASING = YES;
				CLANG_WARN_BOOL_CONVERSION = YES;
				CLANG_WARN_COMMA = YES;
				CLANG_WARN_CONSTANT_CONVERSION = YES;
				CLANG_WARN_DEPRECATED_OBJC_IMPLEMENTATIONS = YES;
				CLANG_WARN_DIRECT_OBJC_ISA_USAGE = YES_ERROR;
				CLANG_WARN_DOCUMENTATION_COMMENTS = YES;
				CLANG_WARN_EMPTY_BODY = YES;
				CLANG_WARN_ENUM_CONVERSION = YES;
				CLANG_WARN_INFINITE_RECURSION = YES;
				CLANG_WARN_INT_CONVERSION = YES;
				CLANG_WARN_NON_LITERAL_NULL_CONVERSION = YES;
				CLANG_WARN_OBJC_IMPLICIT_RETAIN_SELF = YES;
				CLANG_WARN_OBJC_LITERAL_CONVERSION = YES;
				CLANG_WARN_OBJC_ROOT_CLASS = YES_ERROR;
				CLANG_WARN_RANGE_LOOP_ANALYSIS = YES;
				CLANG_WARN_STRICT_PROTOTYPES = YES;
				CLANG_WARN_SUSPICIOUS_MOVE = YES;
				CLANG_WARN_UNGUARDED_AVAILABILITY = YES_AGGRESSIVE;
				CLANG_WARN_UNREACHABLE_CODE = YES;
				CLANG_WARN__DUPLICATE_METHOD_MATCH = YES;
				COPY_PHASE_STRIP = NO;
				DEBUG_INFORMATION_FORMAT = "dwarf-with-dsym";
				ENABLE_NS_ASSERTIONS = NO;
				ENABLE_STRICT_OBJC_MSGSEND = YES;
				GCC_C_LANGUAGE_STANDARD = gnu11;
				GCC_NO_COMMON_BLOCKS = YES;
				GCC_WARN_64_TO_32_BIT_CONVERSION = YES;
				GCC_WARN_ABOUT_RETURN_TYPE = YES_ERROR;
				GCC_WARN_UNDECLARED_SELECTOR = YES;
				GCC_WARN_UNINITIALIZED_AUTOS = YES_AGGRESSIVE;
				GCC_WARN_UNUSED_FUNCTION = YES;
				GCC_WARN_UNUSED_VARIABLE = YES;
				IPHONEOS_DEPLOYMENT_TARGET = 13.2;
				MTL_ENABLE_DEBUG_INFO = NO;
				MTL_FAST_MATH = YES;
				SDKROOT = iphoneos;
				SWIFT_COMPILATION_MODE = wholemodule;
				SWIFT_OPTIMIZATION_LEVEL = "-O";
				VALIDATE_PRODUCT = YES;
			};
			name = Release;
		};
		8E87A089242149C100FFEBC3 /* Debug */ = {
			isa = XCBuildConfiguration;
			baseConfigurationReference = 5315605BCCE7FFDCD5B1F04F /* Pods-Group4_FinalProject_MAD3115W2020.debug.xcconfig */;
			buildSettings = {
				ASSETCATALOG_COMPILER_APPICON_NAME = AppIcon;
				CODE_SIGN_STYLE = Automatic;
				INFOPLIST_FILE = Group4_FinalProject_MAD3115W2020/Info.plist;
				LD_RUNPATH_SEARCH_PATHS = (
					"$(inherited)",
					"@executable_path/Frameworks",
				);
				PRODUCT_BUNDLE_IDENTIFIER = "com.lambton.Group4-FinalProject-MAD3115W2020";
				PRODUCT_NAME = "$(TARGET_NAME)";
				SWIFT_VERSION = 5.0;
				TARGETED_DEVICE_FAMILY = "1,2";
			};
			name = Debug;
		};
		8E87A08A242149C100FFEBC3 /* Release */ = {
			isa = XCBuildConfiguration;
			baseConfigurationReference = 01C1E5E7203F970EA7E21AB8 /* Pods-Group4_FinalProject_MAD3115W2020.release.xcconfig */;
			buildSettings = {
				ASSETCATALOG_COMPILER_APPICON_NAME = AppIcon;
				CODE_SIGN_STYLE = Automatic;
				INFOPLIST_FILE = Group4_FinalProject_MAD3115W2020/Info.plist;
				LD_RUNPATH_SEARCH_PATHS = (
					"$(inherited)",
					"@executable_path/Frameworks",
				);
				PRODUCT_BUNDLE_IDENTIFIER = "com.lambton.Group4-FinalProject-MAD3115W2020";
				PRODUCT_NAME = "$(TARGET_NAME)";
				SWIFT_VERSION = 5.0;
				TARGETED_DEVICE_FAMILY = "1,2";
			};
			name = Release;
		};
/* End XCBuildConfiguration section */

/* Begin XCConfigurationList section */
		8E87A06F242149BF00FFEBC3 /* Build configuration list for PBXProject "Group4_FinalProject_MAD3115W2020" */ = {
			isa = XCConfigurationList;
			buildConfigurations = (
				8E87A086242149C100FFEBC3 /* Debug */,
				8E87A087242149C100FFEBC3 /* Release */,
			);
			defaultConfigurationIsVisible = 0;
			defaultConfigurationName = Release;
		};
		8E87A088242149C100FFEBC3 /* Build configuration list for PBXNativeTarget "Group4_FinalProject_MAD3115W2020" */ = {
			isa = XCConfigurationList;
			buildConfigurations = (
				8E87A089242149C100FFEBC3 /* Debug */,
				8E87A08A242149C100FFEBC3 /* Release */,
			);
			defaultConfigurationIsVisible = 0;
			defaultConfigurationName = Release;
		};
/* End XCConfigurationList section */
	};
	rootObject = 8E87A06C242149BF00FFEBC3 /* Project object */;
}
