// !$*UTF8*$!
{
	archiveVersion = 1;
	classes = {
	};
	objectVersion = 50;
	objects = {

/* Begin PBXBuildFile section */
		8E87A078242149BF00FFEBC3 /* AppDelegate.swift in Sources */ = {isa = PBXBuildFile; fileRef = 8E87A077242149BF00FFEBC3 /* AppDelegate.swift */; };
		8E87A07A242149BF00FFEBC3 /* SceneDelegate.swift in Sources */ = {isa = PBXBuildFile; fileRef = 8E87A079242149BF00FFEBC3 /* SceneDelegate.swift */; };
		8E87A07C242149BF00FFEBC3 /* ViewController.swift in Sources */ = {isa = PBXBuildFile; fileRef = 8E87A07B242149BF00FFEBC3 /* ViewController.swift */; };
		8E87A07F242149BF00FFEBC3 /* Main.storyboard in Resources */ = {isa = PBXBuildFile; fileRef = 8E87A07D242149BF00FFEBC3 /* Main.storyboard */; };
		8E87A081242149C100FFEBC3 /* Assets.xcassets in Resources */ = {isa = PBXBuildFile; fileRef = 8E87A080242149C100FFEBC3 /* Assets.xcassets */; };
		8E87A084242149C100FFEBC3 /* LaunchScreen.storyboard in Resources */ = {isa = PBXBuildFile; fileRef = 8E87A082242149C100FFEBC3 /* LaunchScreen.storyboard */; };
		8E87A08C24214CFF00FFEBC3 /* GoogleService-Info.plist in Resources */ = {isa = PBXBuildFile; fileRef = 8E87A08B24214CFF00FFEBC3 /* GoogleService-Info.plist */; };
		FAE5B6D4B386AC3A34425B33 /* libPods-Group4_FinalProject_MAD3115W2020.a in Frameworks */ = {isa = PBXBuildFile; fileRef = 68455B981BB260ABE6589169 /* libPods-Group4_FinalProject_MAD3115W2020.a */; };
/* End PBXBuildFile section */

/* Begin PBXFileReference section */
		01C1E5E7203F970EA7E21AB8 /* Pods-Group4_FinalProject_MAD3115W2020.release.xcconfig */ = {isa = PBXFileReference; includeInIndex = 1; lastKnownFileType = text.xcconfig; name = "Pods-Group4_FinalProject_MAD3115W2020.release.xcconfig"; path = "Target Support Files/Pods-Group4_FinalProject_MAD3115W2020/Pods-Group4_FinalProject_MAD3115W2020.release.xcconfig"; sourceTree = "<group>"; };
		5315605BCCE7FFDCD5B1F04F /* Pods-Group4_FinalProject_MAD3115W2020.debug.xcconfig */ = {isa = PBXFileReference; includeInIndex = 1; lastKnownFileType = text.xcconfig; name = "Pods-Group4_FinalProject_MAD3115W2020.debug.xcconfig"; path = "Target Support Files/Pods-Group4_FinalProject_MAD3115W2020/Pods-Group4_FinalProject_MAD3115W2020.debug.xcconfig"; sourceTree = "<group>"; };
		68455B981BB260ABE6589169 /* libPods-Group4_FinalProject_MAD3115W2020.a */ = {isa = PBXFileReference; explicitFileType = archive.ar; includeInIndex = 0; path = "libPods-Group4_FinalProject_MAD3115W2020.a"; sourceTree = BUILT_PRODUCTS_DIR; };
		8E87A074242149BF00FFEBC3 /* Group4_FinalProject_MAD3115W2020.app */ = {isa = PBXFileReference; explicitFileType = wrapper.application; includeInIndex = 0; path = Group4_FinalProject_MAD3115W2020.app; sourceTree = BUILT_PRODUCTS_DIR; };
		8E87A077242149BF00FFEBC3 /* AppDelegate.swift */ = {isa = PBXFileReference; lastKnownFileType = sourcecode.swift; path = AppDelegate.swift; sourceTree = "<group>"; };
		8E87A079242149BF00FFEBC3 /* SceneDelegate.swift */ = {isa = PBXFileReference; lastKnownFileType = sourcecode.swift; path = SceneDelegate.swift; sourceTree = "<group>"; };
		8E87A07B242149BF00FFEBC3 /* ViewController.swift */ = {isa = PBXFileReference; lastKnownFileType = sourcecode.swift; path = ViewController.swift; sourceTree = "<group>"; };
		8E87A07E242149BF00FFEBC3 /* Base */ = {isa = PBXFileReference; lastKnownFileType = file.storyboard; name = Base; path = Base.lproj/Main.storyboard; sourceTree = "<group>"; };
		8E87A080242149C100FFEBC3 /* Assets.xcassets */ = {isa = PBXFileReference; lastKnownFileType = folder.assetcatalog; path = Assets.xcassets; sourceTree = "<group>"; };
		8E87A083242149C100FFEBC3 /* Base */ = {isa = PBXFileReference; lastKnownFileType = file.storyboard; name = Base; path = Base.lproj/LaunchScreen.storyboard; sourceTree = "<group>"; };
		8E87A085242149C100FFEBC3 /* Info.plist */ = {isa = PBXFileReference; lastKnownFileType = text.plist.xml; path = Info.plist; sourceTree = "<group>"; };
		8E87A08B24214CFF00FFEBC3 /* GoogleService-Info.plist */ = {isa = PBXFileReference; fileEncoding = 4; lastKnownFileType = text.plist.xml; path = "GoogleService-Info.plist"; sourceTree = "<group>"; };
/* End PBXFileReference section */

/* Begin PBXFrameworksBuildPhase section */
		8E87A071242149BF00FFEBC3 /* Frameworks */ = {
			isa = PBXFrameworksBuildPhase;
			buildActionMask = 2147483647;
			files = (
				FAE5B6D4B386AC3A34425B33 /* libPods-Group4_FinalProject_MAD3115W2020.a in Frameworks */,
			);
			runOnlyForDeploymentPostprocessing = 0;
		};
/* End PBXFrameworksBuildPhase section */

/* Begin PBXGroup section */
		1B6AF81B2684764C6909AA97 /* Frameworks */ = {
			isa = PBXGroup;
			children = (
				68455B981BB260ABE6589169 /* libPods-Group4_FinalProject_MAD3115W2020.a */,
			);
			name = Frameworks;
			sourceTree = "<group>";
		};
		68CA0A318EA0C3A29DBA3689 /* Pods */ = {
			isa = PBXGroup;
			children = (
				5315605BCCE7FFDCD5B1F04F /* Pods-Group4_FinalProject_MAD3115W2020.debug.xcconfig */,
				01C1E5E7203F970EA7E21AB8 /* Pods-Group4_FinalProject_MAD3115W2020.release.xcconfig */,
			);
			path = Pods;
			sourceTree = "<group>";
		};
		8E87A06B242149BF00FFEBC3 = {
			isa = PBXGroup;
			children = (
				8E87A076242149BF00FFEBC3 /* Group4_FinalProject_MAD3115W2020 */,
				8E87A075242149BF00FFEBC3 /* Products */,
				68CA0A318EA0C3A29DBA3689 /* Pods */,
				1B6AF81B2684764C6909AA97 /* Frameworks */,
			);
			sourceTree = "<group>";
		};
		8E87A075242149BF00FFEBC3 /* Products */ = {
			isa = PBXGroup;
			children = (
				8E87A074242149BF00FFEBC3 /* Group4_FinalProject_MAD3115W2020.app */,
			);
			name = Products;
			sourceTree = "<group>";
		};
		8E87A076242149BF00FFEBC3 /* Group4_FinalProject_MAD3115W2020 */ = {
			isa = PBXGroup;
			children = (
				8E87A077242149BF00FFEBC3 /* AppDelegate.swift */,
				8E87A079242149BF00FFEBC3 /* SceneDelegate.swift */,
				8E87A07B242149BF00FFEBC3 /* ViewController.swift */,
				8E87A07D242149BF00FFEBC3 /* Main.storyboard */,
				8E87A080242149C100FFEBC3 /* Assets.xcassets */,
				8E87A082242149C100FFEBC3 /* LaunchScreen.storyboard */,
				8E87A085242149C100FFEBC3 /* Info.plist */,
				8E87A08B24214CFF00FFEBC3 /* GoogleService-Info.plist */,
			);
			path = Group4_FinalProject_MAD3115W2020;
			sourceTree = "<group>";
		};
/* End PBXGroup section */

/* Begin PBXNativeTarget section */
		8E87A073242149BF00FFEBC3 /* Group4_FinalProject_MAD3115W2020 */ = {
			isa = PBXNativeTarget;
			buildConfigurationList = 8E87A088242149C100FFEBC3 /* Build configuration list for PBXNativeTarget "Group4_FinalProject_MAD3115W2020" */;
			buildPhases = (
				BC10E1D44D661BCEA0F8BF03 /* [CP] Check Pods Manifest.lock */,
				8E87A070242149BF00FFEBC3 /* Sources */,
				8E87A071242149BF00FFEBC3 /* Frameworks */,
				8E87A072242149BF00FFEBC3 /* Resources */,
				9ACCA5EB4E514CA98ADCC552 /* [CP] Copy Pods Resources */,
			);
			buildRules = (
			);
			dependencies = (
			);
			name = Group4_FinalProject_MAD3115W2020;
			productName = Group4_FinalProject_MAD3115W2020;
			productReference = 8E87A074242149BF00FFEBC3 /* Group4_FinalProject_MAD3115W2020.app */;
			productType = "com.apple.product-type.application";
		};
/* End PBXNativeTarget section */

/* Begin PBXProject section */
		8E87A06C242149BF00FFEBC3 /* Project object */ = {
			isa = PBXProject;
			attributes = {
				LastSwiftUpdateCheck = 1130;
				LastUpgradeCheck = 1130;
				ORGANIZATIONNAME = "Swift Project";
				TargetAttributes = {
					8E87A073242149BF00FFEBC3 = {
						CreatedOnToolsVersion = 11.3.1;
					};
				};
			};
			buildConfigurationList = 8E87A06F242149BF00FFEBC3 /* Build configuration list for PBXProject "Group4_FinalProject_MAD3115W2020" */;
			compatibilityVersion = "Xcode 9.3";
			developmentRegion = en;
			hasScannedForEncodings = 0;
			knownRegions = (
				en,
				Base,
			);
			mainGroup = 8E87A06B242149BF00FFEBC3;
			productRefGroup = 8E87A075242149BF00FFEBC3 /* Products */;
			projectDirPath = "";
			projectRoot = "";
			targets = (
				8E87A073242149BF00FFEBC3 /* Group4_FinalProject_MAD3115W2020 */,
			);
		};
/* End PBXProject section */

/* Begin PBXResourcesBuildPhase section */
		8E87A072242149BF00FFEBC3 /* Resources */ = {
			isa = PBXResourcesBuildPhase;
			buildActionMask = 2147483647;
			files = (
				8E87A084242149C100FFEBC3 /* LaunchScreen.storyboard in Resources */,
				8E87A08C24214CFF00FFEBC3 /* GoogleService-Info.plist in Resources */,
				8E87A081242149C100FFEBC3 /* Assets.xcassets in Resources */,
				8E87A07F242149BF00FFEBC3 /* Main.storyboard in Resources */,
			);
			runOnlyForDeploymentPostprocessing = 0;
		};
/* End PBXResourcesBuildPhase section */

/* Begin PBXShellScriptBuildPhase section */
		9ACCA5EB4E514CA98ADCC552 /* [CP] Copy Pods Resources */ = {
			isa = PBXShellScriptBuildPhase;
			buildActionMask = 2147483647;
			files = (
			);
			inputFileListPaths = (
				"${PODS_ROOT}/Target Support Files/Pods-Group4_FinalProject_MAD3115W2020/Pods-Group4_FinalProject_MAD3115W2020-resources-${CONFIGURATION}-input-files.xcfilelist",
			);
			name = "[CP] Copy Pods Resources";
			outputFileListPaths = (
				"${PODS_ROOT}/Target Support Files/Pods-Group4_FinalProject_MAD3115W2020/Pods-Group4_FinalProject_MAD3115W2020-resources-${CONFIGURATION}-output-files.xcfilelist",
			);
			runOnlyForDeploymentPostprocessing = 0;
			shellPath = /bin/sh;
			shellScript = "\"${PODS_ROOT}/Target Support Files/Pods-Group4_FinalProject_MAD3115W2020/Pods-Group4_FinalProject_MAD3115W2020-resources.sh\"\n";
			showEnvVarsInLog = 0;
		};
		BC10E1D44D661BCEA0F8BF03 /* [CP] Check Pods Manifest.lock */ = {
			isa = PBXShellScriptBuildPhase;
			buildActionMask = 2147483647;
			files = (
			);
			inputFileListPaths = (
			);
			inputPaths = (
				"${PODS_PODFILE_DIR_PATH}/Podfile.lock",
				"${PODS_ROOT}/Manifest.lock",
			);
			name = "[CP] Check Pods Manifest.lock";
			outputFileListPaths = (
			);
			outputPaths = (
				"$(DERIVED_FILE_DIR)/Pods-Group4_FinalProject_MAD3115W2020-checkManifestLockResult.txt",
			);
			runOnlyForDeploymentPostprocessing = 0;
			shellPath = /bin/sh;
			shellScript = "diff \"${PODS_PODFILE_DIR_PATH}/Podfile.lock\" \"${PODS_ROOT}/Manifest.lock\" > /dev/null\nif [ $? != 0 ] ; then\n    # print error to STDERR\n    echo \"error: The sandbox is not in sync with the Podfile.lock. Run 'pod install' or update your CocoaPods installation.\" >&2\n    exit 1\nfi\n# This output is used by Xcode 'outputs' to avoid re-running this script phase.\necho \"SUCCESS\" > \"${SCRIPT_OUTPUT_FILE_0}\"\n";
			showEnvVarsInLog = 0;
		};
/* End PBXShellScriptBuildPhase section */

/* Begin PBXSourcesBuildPhase section */
		8E87A070242149BF00FFEBC3 /* Sources */ = {
			isa = PBXSourcesBuildPhase;
			buildActionMask = 2147483647;
			files = (
				8E87A07C242149BF00FFEBC3 /* ViewController.swift in Sources */,
				8E87A078242149BF00FFEBC3 /* AppDelegate.swift in Sources */,
				8E87A07A242149BF00FFEBC3 /* SceneDelegate.swift in Sources */,
			);
			runOnlyForDeploymentPostprocessing = 0;
		};
/* End PBXSourcesBuildPhase section */

/* Begin PBXVariantGroup section */
		8E87A07D242149BF00FFEBC3 /* Main.storyboard */ = {
			isa = PBXVariantGroup;
			children = (
				8E87A07E242149BF00FFEBC3 /* Base */,
			);
			name = Main.storyboard;
			sourceTree = "<group>";
		};
		8E87A082242149C100FFEBC3 /* LaunchScreen.storyboard */ = {
			isa = PBXVariantGroup;
			children = (
				8E87A083242149C100FFEBC3 /* Base */,
			);
			name = LaunchScreen.storyboard;
			sourceTree = "<group>";
		};
/* End PBXVariantGroup section */

/* Begin XCBuildConfiguration section */
		8E87A086242149C100FFEBC3 /* Debug */ = {
			isa = XCBuildConfiguration;
			buildSettings = {
				ALWAYS_SEARCH_USER_PATHS = NO;
				CLANG_ANALYZER_NONNULL = YES;
				CLANG_ANALYZER_NUMBER_OBJECT_CONVERSION = YES_AGGRESSIVE;
				CLANG_CXX_LANGUAGE_STANDARD = "gnu++14";
				CLANG_CXX_LIBRARY = "libc++";
				CLANG_ENABLE_MODULES = YES;
				CLANG_ENABLE_OBJC_ARC = YES;
				CLANG_ENABLE_OBJC_WEAK = YES;
				CLANG_WARN_BLOCK_CAPTURE_AUTORELEASING = YES;
				CLANG_WARN_BOOL_CONVERSION = YES;
				CLANG_WARN_COMMA = YES;
				CLANG_WARN_CONSTANT_CONVERSION = YES;
				CLANG_WARN_DEPRECATED_OBJC_IMPLEMENTATIONS = YES;
				CLANG_WARN_DIRECT_OBJC_ISA_USAGE = YES_ERROR;
				CLANG_WARN_DOCUMENTATION_COMMENTS = YES;
				CLANG_WARN_EMPTY_BODY = YES;
				CLANG_WARN_ENUM_CONVERSION = YES;
				CLANG_WARN_INFINITE_RECURSION = YES;
				CLANG_WARN_INT_CONVERSION = YES;
				CLANG_WARN_NON_LITERAL_NULL_CONVERSION = YES;
				CLANG_WARN_OBJC_IMPLICIT_RETAIN_SELF = YES;
				CLANG_WARN_OBJC_LITERAL_CONVERSION = YES;
				CLANG_WARN_OBJC_ROOT_CLASS = YES_ERROR;
				CLANG_WARN_RANGE_LOOP_ANALYSIS = YES;
				CLANG_WARN_STRICT_PROTOTYPES = YES;
				CLANG_WARN_SUSPICIOUS_MOVE = YES;
				CLANG_WARN_UNGUARDED_AVAILABILITY = YES_AGGRESSIVE;
				CLANG_WARN_UNREACHABLE_CODE = YES;
				CLANG_WARN__DUPLICATE_METHOD_MATCH = YES;
				COPY_PHASE_STRIP = NO;
				DEBUG_INFORMATION_FORMAT = dwarf;
				ENABLE_STRICT_OBJC_MSGSEND = YES;
				ENABLE_TESTABILITY = YES;
				GCC_C_LANGUAGE_STANDARD = gnu11;
				GCC_DYNAMIC_NO_PIC = NO;
				GCC_NO_COMMON_BLOCKS = YES;
				GCC_OPTIMIZATION_LEVEL = 0;
				GCC_PREPROCESSOR_DEFINITIONS = (
					"DEBUG=1",
					"$(inherited)",
				);
				GCC_WARN_64_TO_32_BIT_CONVERSION = YES;
				GCC_WARN_ABOUT_RETURN_TYPE = YES_ERROR;
				GCC_WARN_UNDECLARED_SELECTOR = YES;
				GCC_WARN_UNINITIALIZED_AUTOS = YES_AGGRESSIVE;
				GCC_WARN_UNUSED_FUNCTION = YES;
				GCC_WARN_UNUSED_VARIABLE = YES;
				IPHONEOS_DEPLOYMENT_TARGET = 13.2;
				MTL_ENABLE_DEBUG_INFO = INCLUDE_SOURCE;
				MTL_FAST_MATH = YES;
				ONLY_ACTIVE_ARCH = YES;
				SDKROOT = iphoneos;
				SWIFT_ACTIVE_COMPILATION_CONDITIONS = DEBUG;
				SWIFT_OPTIMIZATION_LEVEL = "-Onone";
			};
			name = Debug;
		};
		8E87A087242149C100FFEBC3 /* Release */ = {
			isa = XCBuildConfiguration;
			buildSettings = {
				ALWAYS_SEARCH_USER_PATHS = NO;
				CLANG_ANALYZER_NONNULL = YES;
				CLANG_ANALYZER_NUMBER_OBJECT_CONVERSION = YES_AGGRESSIVE;
				CLANG_CXX_LANGUAGE_STANDARD = "gnu++14";
				CLANG_CXX_LIBRARY = "libc++";
				CLANG_ENABLE_MODULES = YES;
				CLANG_ENABLE_OBJC_ARC = YES;
				CLANG_ENABLE_OBJC_WEAK = YES;
				CLANG_WARN_BLOCK_CAPTURE_AUTORELEASING = YES;
				CLANG_WARN_BOOL_CONVERSION = YES;
				CLANG_WARN_COMMA = YES;
				CLANG_WARN_CONSTANT_CONVERSION = YES;
				CLANG_WARN_DEPRECATED_OBJC_IMPLEMENTATIONS = YES;
				CLANG_WARN_DIRECT_OBJC_ISA_USAGE = YES_ERROR;
				CLANG_WARN_DOCUMENTATION_COMMENTS = YES;
				CLANG_WARN_EMPTY_BODY = YES;
				CLANG_WARN_ENUM_CONVERSION = YES;
				CLANG_WARN_INFINITE_RECURSION = YES;
				CLANG_WARN_INT_CONVERSION = YES;
				CLANG_WARN_NON_LITERAL_NULL_CONVERSION = YES;
				CLANG_WARN_OBJC_IMPLICIT_RETAIN_SELF = YES;
				CLANG_WARN_OBJC_LITERAL_CONVERSION = YES;
				CLANG_WARN_OBJC_ROOT_CLASS = YES_ERROR;
				CLANG_WARN_RANGE_LOOP_ANALYSIS = YES;
				CLANG_WARN_STRICT_PROTOTYPES = YES;
				CLANG_WARN_SUSPICIOUS_MOVE = YES;
				CLANG_WARN_UNGUARDED_AVAILABILITY = YES_AGGRESSIVE;
				CLANG_WARN_UNREACHABLE_CODE = YES;
				CLANG_WARN__DUPLICATE_METHOD_MATCH = YES;
				COPY_PHASE_STRIP = NO;
				DEBUG_INFORMATION_FORMAT = "dwarf-with-dsym";
				ENABLE_NS_ASSERTIONS = NO;
				ENABLE_STRICT_OBJC_MSGSEND = YES;
				GCC_C_LANGUAGE_STANDARD = gnu11;
				GCC_NO_COMMON_BLOCKS = YES;
				GCC_WARN_64_TO_32_BIT_CONVERSION = YES;
				GCC_WARN_ABOUT_RETURN_TYPE = YES_ERROR;
				GCC_WARN_UNDECLARED_SELECTOR = YES;
				GCC_WARN_UNINITIALIZED_AUTOS = YES_AGGRESSIVE;
				GCC_WARN_UNUSED_FUNCTION = YES;
				GCC_WARN_UNUSED_VARIABLE = YES;
				IPHONEOS_DEPLOYMENT_TARGET = 13.2;
				MTL_ENABLE_DEBUG_INFO = NO;
				MTL_FAST_MATH = YES;
				SDKROOT = iphoneos;
				SWIFT_COMPILATION_MODE = wholemodule;
				SWIFT_OPTIMIZATION_LEVEL = "-O";
				VALIDATE_PRODUCT = YES;
			};
			name = Release;
		};
		8E87A089242149C100FFEBC3 /* Debug */ = {
			isa = XCBuildConfiguration;
			baseConfigurationReference = 5315605BCCE7FFDCD5B1F04F /* Pods-Group4_FinalProject_MAD3115W2020.debug.xcconfig */;
			buildSettings = {
				ASSETCATALOG_COMPILER_APPICON_NAME = AppIcon;
				CODE_SIGN_STYLE = Automatic;
				INFOPLIST_FILE = Group4_FinalProject_MAD3115W2020/Info.plist;
				LD_RUNPATH_SEARCH_PATHS = (
					"$(inherited)",
					"@executable_path/Frameworks",
				);
				PRODUCT_BUNDLE_IDENTIFIER = "com.lambton.Group4-FinalProject-MAD3115W2020";
				PRODUCT_NAME = "$(TARGET_NAME)";
				SWIFT_VERSION = 5.0;
				TARGETED_DEVICE_FAMILY = "1,2";
			};
			name = Debug;
		};
		8E87A08A242149C100FFEBC3 /* Release */ = {
			isa = XCBuildConfiguration;
			baseConfigurationReference = 01C1E5E7203F970EA7E21AB8 /* Pods-Group4_FinalProject_MAD3115W2020.release.xcconfig */;
			buildSettings = {
				ASSETCATALOG_COMPILER_APPICON_NAME = AppIcon;
				CODE_SIGN_STYLE = Automatic;
				INFOPLIST_FILE = Group4_FinalProject_MAD3115W2020/Info.plist;
				LD_RUNPATH_SEARCH_PATHS = (
					"$(inherited)",
					"@executable_path/Frameworks",
				);
				PRODUCT_BUNDLE_IDENTIFIER = "com.lambton.Group4-FinalProject-MAD3115W2020";
				PRODUCT_NAME = "$(TARGET_NAME)";
				SWIFT_VERSION = 5.0;
				TARGETED_DEVICE_FAMILY = "1,2";
			};
			name = Release;
		};
/* End XCBuildConfiguration section */

/* Begin XCConfigurationList section */
		8E87A06F242149BF00FFEBC3 /* Build configuration list for PBXProject "Group4_FinalProject_MAD3115W2020" */ = {
			isa = XCConfigurationList;
			buildConfigurations = (
				8E87A086242149C100FFEBC3 /* Debug */,
				8E87A087242149C100FFEBC3 /* Release */,
			);
			defaultConfigurationIsVisible = 0;
			defaultConfigurationName = Release;
		};
		8E87A088242149C100FFEBC3 /* Build configuration list for PBXNativeTarget "Group4_FinalProject_MAD3115W2020" */ = {
			isa = XCConfigurationList;
			buildConfigurations = (
				8E87A089242149C100FFEBC3 /* Debug */,
				8E87A08A242149C100FFEBC3 /* Release */,
			);
			defaultConfigurationIsVisible = 0;
			defaultConfigurationName = Release;
		};
/* End XCConfigurationList section */
	};
	rootObject = 8E87A06C242149BF00FFEBC3 /* Project object */;
}
